{
  "name": "@my-ts-monorepo-boilerplate/sampleconsumer",
  "version": "1.0.3",
  "lockfileVersion": 1,
  "requires": true,
  "dependencies": {
    "@my-ts-monorepo-boilerplate/sample": {
      "version": "1.0.3",
      "resolved": "https://pkgs.dev.azure.com/NintexSolutions/_packaging/NintexSolutions/npm/registry/@my-ts-monorepo-boilerplate/sample/-/sample-1.0.3.tgz",
      "integrity": "sha1-US8ZFCpMqINPm8OAyN72ehfIQ/Y="
    }
  }
}
